
Microsoft Visual Studio Solution File, Format Version 11.00
# Visual Studio 2010
Project("{FAE04EC0-301F-11D3-BF4B-00C04F79EFBC}") = "PSS_Pump", "PSS_Pump\PSS_Pump.csproj", "{2538BF14-CC42-4936-8E2E-5AA5B770F9E0}"
EndProject
Global
	GlobalSection(SolutionConfigurationPlatforms) = preSolution
		Debug|x86 = Debug|x86
		Release|x86 = Release|x86
	EndGlobalSection
	GlobalSection(ProjectConfigurationPlatforms) = postSolution
		{2538BF14-CC42-4936-8E2E-5AA5B770F9E0}.Debug|x86.ActiveCfg = Debug|x86
		{2538BF14-CC42-4936-8E2E-5AA5B770F9E0}.Debug|x86.Build.0 = Debug|x86
		{2538BF14-CC42-4936-8E2E-5AA5B770F9E0}.Release|x86.ActiveCfg = Release|x86
		{2538BF14-CC42-4936-8E2E-5AA5B770F9E0}.Release|x86.Build.0 = Release|x86
	EndGlobalSection
	GlobalSection(SolutionProperties) = preSolution
		HideSolutionNode = FALSE
	EndGlobalSection
EndGlobal
